// !$*UTF8*$!
{
	archiveVersion = 1;
	classes = {
	};
	objectVersion = 50;
	objects = {

/* Begin PBXBuildFile section */
		B629F0B124EA07DF001C2387 /* Todo_ItApp.swift in Sources */ = {isa = PBXBuildFile; fileRef = B629F0B024EA07DF001C2387 /* Todo_ItApp.swift */; };
		B629F0B324EA07DF001C2387 /* TodosView.swift in Sources */ = {isa = PBXBuildFile; fileRef = B629F0B224EA07DF001C2387 /* TodosView.swift */; };
		B629F0B524EA07E0001C2387 /* Assets.xcassets in Resources */ = {isa = PBXBuildFile; fileRef = B629F0B424EA07E0001C2387 /* Assets.xcassets */; };
		B629F0B824EA07E0001C2387 /* Preview Assets.xcassets in Resources */ = {isa = PBXBuildFile; fileRef = B629F0B724EA07E0001C2387 /* Preview Assets.xcassets */; };
		B629F0C324EA07E0001C2387 /* Todo_ItTests.swift in Sources */ = {isa = PBXBuildFile; fileRef = B629F0C224EA07E0001C2387 /* Todo_ItTests.swift */; };
		B629F0CE24EA07E0001C2387 /* Todo_ItUITests.swift in Sources */ = {isa = PBXBuildFile; fileRef = B629F0CD24EA07E0001C2387 /* Todo_ItUITests.swift */; };
		B634A0E2251B9326008ADBDB /* CDList+CoreDataClass.swift in Sources */ = {isa = PBXBuildFile; fileRef = B634A0E0251B9326008ADBDB /* CDList+CoreDataClass.swift */; };
		B634A0E3251B9326008ADBDB /* CDList+CoreDataProperties.swift in Sources */ = {isa = PBXBuildFile; fileRef = B634A0E1251B9326008ADBDB /* CDList+CoreDataProperties.swift */; };
		B634A0EE251B94E0008ADBDB /* TodoList.swift in Sources */ = {isa = PBXBuildFile; fileRef = B634A0ED251B94E0008ADBDB /* TodoList.swift */; };
		B634A101251B9645008ADBDB /* TodoListView.swift in Sources */ = {isa = PBXBuildFile; fileRef = B634A100251B9645008ADBDB /* TodoListView.swift */; };
		B646EC0824FC291100B5B7AE /* AppState.swift in Sources */ = {isa = PBXBuildFile; fileRef = B646EC0724FC291100B5B7AE /* AppState.swift */; };
		B646EC0A24FC292300B5B7AE /* Store.swift in Sources */ = {isa = PBXBuildFile; fileRef = B646EC0924FC292300B5B7AE /* Store.swift */; };
		B646EC0C24FC295E00B5B7AE /* AppAction.swift in Sources */ = {isa = PBXBuildFile; fileRef = B646EC0B24FC295E00B5B7AE /* AppAction.swift */; };
		B646EC0E24FC298A00B5B7AE /* Reducer.swift in Sources */ = {isa = PBXBuildFile; fileRef = B646EC0D24FC298A00B5B7AE /* Reducer.swift */; };
		B647B4CC251921470079E05D /* TodoStore.swift in Sources */ = {isa = PBXBuildFile; fileRef = B647B4CB251921470079E05D /* TodoStore.swift */; };
		B65CA24124EEC989004A4278 /* TodoView.swift in Sources */ = {isa = PBXBuildFile; fileRef = B65CA24024EEC989004A4278 /* TodoView.swift */; };
		B669A1E8252788890061DC36 /* NewListView.swift in Sources */ = {isa = PBXBuildFile; fileRef = B669A1E7252788890061DC36 /* NewListView.swift */; };
		B6751CAB251F934A00FDC4E2 /* TodoListStore.swift in Sources */ = {isa = PBXBuildFile; fileRef = B6751CAA251F934A00FDC4E2 /* TodoListStore.swift */; };
		B685DE03251044B200B6D5D2 /* Todo-It.xcdatamodeld in Sources */ = {isa = PBXBuildFile; fileRef = B685DE01251044B200B6D5D2 /* Todo-It.xcdatamodeld */; };
		B685DE0C2510473A00B6D5D2 /* CDTodo+CoreDataClass.swift in Sources */ = {isa = PBXBuildFile; fileRef = B685DE04251045ED00B6D5D2 /* CDTodo+CoreDataClass.swift */; };
		B685DE0D2510473A00B6D5D2 /* CDTodo+CoreDataProperties.swift in Sources */ = {isa = PBXBuildFile; fileRef = B685DE05251045ED00B6D5D2 /* CDTodo+CoreDataProperties.swift */; };
		B685DE10251047D800B6D5D2 /* PersistenceManager.swift in Sources */ = {isa = PBXBuildFile; fileRef = B685DE0F251047D800B6D5D2 /* PersistenceManager.swift */; };
		B685DE1225104D2700B6D5D2 /* CoreDataConvertible.swift in Sources */ = {isa = PBXBuildFile; fileRef = B685DE1125104D2700B6D5D2 /* CoreDataConvertible.swift */; };
		B69435F324EB7AA6007161EF /* Todo.swift in Sources */ = {isa = PBXBuildFile; fileRef = B69435F224EB7AA6007161EF /* Todo.swift */; };
/* End PBXBuildFile section */

/* Begin PBXContainerItemProxy section */
		B629F0BF24EA07E0001C2387 /* PBXContainerItemProxy */ = {
			isa = PBXContainerItemProxy;
			containerPortal = B629F0A524EA07DF001C2387 /* Project object */;
			proxyType = 1;
			remoteGlobalIDString = B629F0AC24EA07DF001C2387;
			remoteInfo = "Todo-It";
		};
		B629F0CA24EA07E0001C2387 /* PBXContainerItemProxy */ = {
			isa = PBXContainerItemProxy;
			containerPortal = B629F0A524EA07DF001C2387 /* Project object */;
			proxyType = 1;
			remoteGlobalIDString = B629F0AC24EA07DF001C2387;
			remoteInfo = "Todo-It";
		};
/* End PBXContainerItemProxy section */

/* Begin PBXFileReference section */
		B629F0AD24EA07DF001C2387 /* Todo-It.app */ = {isa = PBXFileReference; explicitFileType = wrapper.application; includeInIndex = 0; path = "Todo-It.app"; sourceTree = BUILT_PRODUCTS_DIR; };
		B629F0B024EA07DF001C2387 /* Todo_ItApp.swift */ = {isa = PBXFileReference; lastKnownFileType = sourcecode.swift; path = Todo_ItApp.swift; sourceTree = "<group>"; };
		B629F0B224EA07DF001C2387 /* TodosView.swift */ = {isa = PBXFileReference; lastKnownFileType = sourcecode.swift; path = TodosView.swift; sourceTree = "<group>"; };
		B629F0B424EA07E0001C2387 /* Assets.xcassets */ = {isa = PBXFileReference; lastKnownFileType = folder.assetcatalog; path = Assets.xcassets; sourceTree = "<group>"; };
		B629F0B724EA07E0001C2387 /* Preview Assets.xcassets */ = {isa = PBXFileReference; lastKnownFileType = folder.assetcatalog; path = "Preview Assets.xcassets"; sourceTree = "<group>"; };
		B629F0B924EA07E0001C2387 /* Info.plist */ = {isa = PBXFileReference; lastKnownFileType = text.plist.xml; path = Info.plist; sourceTree = "<group>"; };
		B629F0BE24EA07E0001C2387 /* Todo-ItTests.xctest */ = {isa = PBXFileReference; explicitFileType = wrapper.cfbundle; includeInIndex = 0; path = "Todo-ItTests.xctest"; sourceTree = BUILT_PRODUCTS_DIR; };
		B629F0C224EA07E0001C2387 /* Todo_ItTests.swift */ = {isa = PBXFileReference; lastKnownFileType = sourcecode.swift; path = Todo_ItTests.swift; sourceTree = "<group>"; };
		B629F0C424EA07E0001C2387 /* Info.plist */ = {isa = PBXFileReference; lastKnownFileType = text.plist.xml; path = Info.plist; sourceTree = "<group>"; };
		B629F0C924EA07E0001C2387 /* Todo-ItUITests.xctest */ = {isa = PBXFileReference; explicitFileType = wrapper.cfbundle; includeInIndex = 0; path = "Todo-ItUITests.xctest"; sourceTree = BUILT_PRODUCTS_DIR; };
		B629F0CD24EA07E0001C2387 /* Todo_ItUITests.swift */ = {isa = PBXFileReference; lastKnownFileType = sourcecode.swift; path = Todo_ItUITests.swift; sourceTree = "<group>"; };
		B629F0CF24EA07E0001C2387 /* Info.plist */ = {isa = PBXFileReference; lastKnownFileType = text.plist.xml; path = Info.plist; sourceTree = "<group>"; };
		B634A0E0251B9326008ADBDB /* CDList+CoreDataClass.swift */ = {isa = PBXFileReference; lastKnownFileType = sourcecode.swift; path = "CDList+CoreDataClass.swift"; sourceTree = "<group>"; };
		B634A0E1251B9326008ADBDB /* CDList+CoreDataProperties.swift */ = {isa = PBXFileReference; lastKnownFileType = sourcecode.swift; path = "CDList+CoreDataProperties.swift"; sourceTree = "<group>"; };
		B634A0ED251B94E0008ADBDB /* TodoList.swift */ = {isa = PBXFileReference; lastKnownFileType = sourcecode.swift; path = TodoList.swift; sourceTree = "<group>"; };
		B634A100251B9645008ADBDB /* TodoListView.swift */ = {isa = PBXFileReference; lastKnownFileType = sourcecode.swift; path = TodoListView.swift; sourceTree = "<group>"; };
		B646EC0724FC291100B5B7AE /* AppState.swift */ = {isa = PBXFileReference; lastKnownFileType = sourcecode.swift; path = AppState.swift; sourceTree = "<group>"; };
		B646EC0924FC292300B5B7AE /* Store.swift */ = {isa = PBXFileReference; lastKnownFileType = sourcecode.swift; path = Store.swift; sourceTree = "<group>"; };
		B646EC0B24FC295E00B5B7AE /* AppAction.swift */ = {isa = PBXFileReference; lastKnownFileType = sourcecode.swift; path = AppAction.swift; sourceTree = "<group>"; };
		B646EC0D24FC298A00B5B7AE /* Reducer.swift */ = {isa = PBXFileReference; lastKnownFileType = sourcecode.swift; path = Reducer.swift; sourceTree = "<group>"; };
		B647B4CB251921470079E05D /* TodoStore.swift */ = {isa = PBXFileReference; lastKnownFileType = sourcecode.swift; path = TodoStore.swift; sourceTree = "<group>"; };
		B65CA24024EEC989004A4278 /* TodoView.swift */ = {isa = PBXFileReference; lastKnownFileType = sourcecode.swift; path = TodoView.swift; sourceTree = "<group>"; };
		B669A1E7252788890061DC36 /* NewListView.swift */ = {isa = PBXFileReference; lastKnownFileType = sourcecode.swift; path = NewListView.swift; sourceTree = "<group>"; };
		B6751CAA251F934A00FDC4E2 /* TodoListStore.swift */ = {isa = PBXFileReference; lastKnownFileType = sourcecode.swift; path = TodoListStore.swift; sourceTree = "<group>"; };
		B685DE02251044B200B6D5D2 /* Todo-It.xcdatamodel */ = {isa = PBXFileReference; lastKnownFileType = wrapper.xcdatamodel; path = "Todo-It.xcdatamodel"; sourceTree = "<group>"; };
		B685DE04251045ED00B6D5D2 /* CDTodo+CoreDataClass.swift */ = {isa = PBXFileReference; lastKnownFileType = sourcecode.swift; path = "CDTodo+CoreDataClass.swift"; sourceTree = "<group>"; };
		B685DE05251045ED00B6D5D2 /* CDTodo+CoreDataProperties.swift */ = {isa = PBXFileReference; lastKnownFileType = sourcecode.swift; path = "CDTodo+CoreDataProperties.swift"; sourceTree = "<group>"; };
		B685DE0F251047D800B6D5D2 /* PersistenceManager.swift */ = {isa = PBXFileReference; lastKnownFileType = sourcecode.swift; path = PersistenceManager.swift; sourceTree = "<group>"; };
		B685DE1125104D2700B6D5D2 /* CoreDataConvertible.swift */ = {isa = PBXFileReference; lastKnownFileType = sourcecode.swift; path = CoreDataConvertible.swift; sourceTree = "<group>"; };
		B69435F224EB7AA6007161EF /* Todo.swift */ = {isa = PBXFileReference; lastKnownFileType = sourcecode.swift; path = Todo.swift; sourceTree = "<group>"; };
/* End PBXFileReference section */

/* Begin PBXFrameworksBuildPhase section */
		B629F0AA24EA07DF001C2387 /* Frameworks */ = {
			isa = PBXFrameworksBuildPhase;
			buildActionMask = 2147483647;
			files = (
			);
			runOnlyForDeploymentPostprocessing = 0;
		};
		B629F0BB24EA07E0001C2387 /* Frameworks */ = {
			isa = PBXFrameworksBuildPhase;
			buildActionMask = 2147483647;
			files = (
			);
			runOnlyForDeploymentPostprocessing = 0;
		};
		B629F0C624EA07E0001C2387 /* Frameworks */ = {
			isa = PBXFrameworksBuildPhase;
			buildActionMask = 2147483647;
			files = (
			);
			runOnlyForDeploymentPostprocessing = 0;
		};
/* End PBXFrameworksBuildPhase section */

/* Begin PBXGroup section */
		B629F0A424EA07DF001C2387 = {
			isa = PBXGroup;
			children = (
				B629F0AF24EA07DF001C2387 /* Todo-It */,
				B629F0C124EA07E0001C2387 /* Todo-ItTests */,
				B629F0CC24EA07E0001C2387 /* Todo-ItUITests */,
				B629F0AE24EA07DF001C2387 /* Products */,
			);
			sourceTree = "<group>";
		};
		B629F0AE24EA07DF001C2387 /* Products */ = {
			isa = PBXGroup;
			children = (
				B629F0AD24EA07DF001C2387 /* Todo-It.app */,
				B629F0BE24EA07E0001C2387 /* Todo-ItTests.xctest */,
				B629F0C924EA07E0001C2387 /* Todo-ItUITests.xctest */,
			);
			name = Products;
			sourceTree = "<group>";
		};
		B629F0AF24EA07DF001C2387 /* Todo-It */ = {
			isa = PBXGroup;
			children = (
				B685DE0E251047A800B6D5D2 /* Persistence */,
				B646EC0624FC290900B5B7AE /* State */,
				B6FC221424EEC3660032E4A1 /* Models */,
				B6FC221324EEC3620032E4A1 /* Views */,
				B629F0B024EA07DF001C2387 /* Todo_ItApp.swift */,
				B629F0B424EA07E0001C2387 /* Assets.xcassets */,
				B629F0B924EA07E0001C2387 /* Info.plist */,
				B629F0B624EA07E0001C2387 /* Preview Content */,
			);
			path = "Todo-It";
			sourceTree = "<group>";
		};
		B629F0B624EA07E0001C2387 /* Preview Content */ = {
			isa = PBXGroup;
			children = (
				B629F0B724EA07E0001C2387 /* Preview Assets.xcassets */,
			);
			path = "Preview Content";
			sourceTree = "<group>";
		};
		B629F0C124EA07E0001C2387 /* Todo-ItTests */ = {
			isa = PBXGroup;
			children = (
				B629F0C224EA07E0001C2387 /* Todo_ItTests.swift */,
				B629F0C424EA07E0001C2387 /* Info.plist */,
			);
			path = "Todo-ItTests";
			sourceTree = "<group>";
		};
		B629F0CC24EA07E0001C2387 /* Todo-ItUITests */ = {
			isa = PBXGroup;
			children = (
				B629F0CD24EA07E0001C2387 /* Todo_ItUITests.swift */,
				B629F0CF24EA07E0001C2387 /* Info.plist */,
			);
			path = "Todo-ItUITests";
			sourceTree = "<group>";
		};
		B634A0FB251B95EC008ADBDB /* Todo */ = {
			isa = PBXGroup;
			children = (
				B629F0B224EA07DF001C2387 /* TodosView.swift */,
				B65CA24024EEC989004A4278 /* TodoView.swift */,
			);
			path = Todo;
			sourceTree = "<group>";
		};
		B634A0FC251B95F2008ADBDB /* Todo List */ = {
			isa = PBXGroup;
			children = (
				B634A100251B9645008ADBDB /* TodoListView.swift */,
				B669A1E7252788890061DC36 /* NewListView.swift */,
			);
			path = "Todo List";
			sourceTree = "<group>";
		};
		B646EC0624FC290900B5B7AE /* State */ = {
			isa = PBXGroup;
			children = (
				B646EC0724FC291100B5B7AE /* AppState.swift */,
				B646EC0924FC292300B5B7AE /* Store.swift */,
				B646EC0B24FC295E00B5B7AE /* AppAction.swift */,
				B646EC0D24FC298A00B5B7AE /* Reducer.swift */,
			);
			path = State;
			sourceTree = "<group>";
		};
		B685DE002510447400B6D5D2 /* Core Data */ = {
			isa = PBXGroup;
			children = (
				B6A18AAE251B9120007FADF7 /* CDList */,
				B68C286625111DCF00D9D7A2 /* CDTodo */,
				B685DE01251044B200B6D5D2 /* Todo-It.xcdatamodeld */,
				B685DE0F251047D800B6D5D2 /* PersistenceManager.swift */,
				B685DE1125104D2700B6D5D2 /* CoreDataConvertible.swift */,
			);
			path = "Core Data";
			sourceTree = "<group>";
		};
		B685DE0E251047A800B6D5D2 /* Persistence */ = {
			isa = PBXGroup;
			children = (
				B685DE002510447400B6D5D2 /* Core Data */,
			);
			path = Persistence;
			sourceTree = "<group>";
		};
		B68C286625111DCF00D9D7A2 /* CDTodo */ = {
			isa = PBXGroup;
			children = (
				B647B4CB251921470079E05D /* TodoStore.swift */,
				B685DE04251045ED00B6D5D2 /* CDTodo+CoreDataClass.swift */,
				B685DE05251045ED00B6D5D2 /* CDTodo+CoreDataProperties.swift */,
			);
			path = CDTodo;
			sourceTree = "<group>";
		};
		B6A18AAE251B9120007FADF7 /* CDList */ = {
			isa = PBXGroup;
			children = (
				B6751CAA251F934A00FDC4E2 /* TodoListStore.swift */,
				B634A0E0251B9326008ADBDB /* CDList+CoreDataClass.swift */,
				B634A0E1251B9326008ADBDB /* CDList+CoreDataProperties.swift */,
			);
			path = CDList;
			sourceTree = "<group>";
		};
		B6FC221324EEC3620032E4A1 /* Views */ = {
			isa = PBXGroup;
			children = (
				B634A0FC251B95F2008ADBDB /* Todo List */,
				B634A0FB251B95EC008ADBDB /* Todo */,
			);
			path = Views;
			sourceTree = "<group>";
		};
		B6FC221424EEC3660032E4A1 /* Models */ = {
			isa = PBXGroup;
			children = (
				B69435F224EB7AA6007161EF /* Todo.swift */,
				B634A0ED251B94E0008ADBDB /* TodoList.swift */,
			);
			path = Models;
			sourceTree = "<group>";
		};
/* End PBXGroup section */

/* Begin PBXNativeTarget section */
		B629F0AC24EA07DF001C2387 /* Todo-It */ = {
			isa = PBXNativeTarget;
			buildConfigurationList = B629F0D224EA07E0001C2387 /* Build configuration list for PBXNativeTarget "Todo-It" */;
			buildPhases = (
				B629F0A924EA07DF001C2387 /* Sources */,
				B629F0AA24EA07DF001C2387 /* Frameworks */,
				B629F0AB24EA07DF001C2387 /* Resources */,
				B629F0DB24EA0CDE001C2387 /* Swiftlint */,
			);
			buildRules = (
			);
			dependencies = (
			);
			name = "Todo-It";
			productName = "Todo-It";
			productReference = B629F0AD24EA07DF001C2387 /* Todo-It.app */;
			productType = "com.apple.product-type.application";
		};
		B629F0BD24EA07E0001C2387 /* Todo-ItTests */ = {
			isa = PBXNativeTarget;
			buildConfigurationList = B629F0D524EA07E0001C2387 /* Build configuration list for PBXNativeTarget "Todo-ItTests" */;
			buildPhases = (
				B629F0BA24EA07E0001C2387 /* Sources */,
				B629F0BB24EA07E0001C2387 /* Frameworks */,
				B629F0BC24EA07E0001C2387 /* Resources */,
			);
			buildRules = (
			);
			dependencies = (
				B629F0C024EA07E0001C2387 /* PBXTargetDependency */,
			);
			name = "Todo-ItTests";
			productName = "Todo-ItTests";
			productReference = B629F0BE24EA07E0001C2387 /* Todo-ItTests.xctest */;
			productType = "com.apple.product-type.bundle.unit-test";
		};
		B629F0C824EA07E0001C2387 /* Todo-ItUITests */ = {
			isa = PBXNativeTarget;
			buildConfigurationList = B629F0D824EA07E0001C2387 /* Build configuration list for PBXNativeTarget "Todo-ItUITests" */;
			buildPhases = (
				B629F0C524EA07E0001C2387 /* Sources */,
				B629F0C624EA07E0001C2387 /* Frameworks */,
				B629F0C724EA07E0001C2387 /* Resources */,
			);
			buildRules = (
			);
			dependencies = (
				B629F0CB24EA07E0001C2387 /* PBXTargetDependency */,
			);
			name = "Todo-ItUITests";
			productName = "Todo-ItUITests";
			productReference = B629F0C924EA07E0001C2387 /* Todo-ItUITests.xctest */;
			productType = "com.apple.product-type.bundle.ui-testing";
		};
/* End PBXNativeTarget section */

/* Begin PBXProject section */
		B629F0A524EA07DF001C2387 /* Project object */ = {
			isa = PBXProject;
			attributes = {
				LastSwiftUpdateCheck = 1200;
				LastUpgradeCheck = 1200;
				TargetAttributes = {
					B629F0AC24EA07DF001C2387 = {
						CreatedOnToolsVersion = 12.0;
					};
					B629F0BD24EA07E0001C2387 = {
						CreatedOnToolsVersion = 12.0;
						TestTargetID = B629F0AC24EA07DF001C2387;
					};
					B629F0C824EA07E0001C2387 = {
						CreatedOnToolsVersion = 12.0;
						TestTargetID = B629F0AC24EA07DF001C2387;
					};
				};
			};
			buildConfigurationList = B629F0A824EA07DF001C2387 /* Build configuration list for PBXProject "Todo-It" */;
			compatibilityVersion = "Xcode 9.3";
			developmentRegion = en;
			hasScannedForEncodings = 0;
			knownRegions = (
				en,
				Base,
			);
			mainGroup = B629F0A424EA07DF001C2387;
			productRefGroup = B629F0AE24EA07DF001C2387 /* Products */;
			projectDirPath = "";
			projectRoot = "";
			targets = (
				B629F0AC24EA07DF001C2387 /* Todo-It */,
				B629F0BD24EA07E0001C2387 /* Todo-ItTests */,
				B629F0C824EA07E0001C2387 /* Todo-ItUITests */,
			);
		};
/* End PBXProject section */

/* Begin PBXResourcesBuildPhase section */
		B629F0AB24EA07DF001C2387 /* Resources */ = {
			isa = PBXResourcesBuildPhase;
			buildActionMask = 2147483647;
			files = (
				B629F0B824EA07E0001C2387 /* Preview Assets.xcassets in Resources */,
				B629F0B524EA07E0001C2387 /* Assets.xcassets in Resources */,
			);
			runOnlyForDeploymentPostprocessing = 0;
		};
		B629F0BC24EA07E0001C2387 /* Resources */ = {
			isa = PBXResourcesBuildPhase;
			buildActionMask = 2147483647;
			files = (
			);
			runOnlyForDeploymentPostprocessing = 0;
		};
		B629F0C724EA07E0001C2387 /* Resources */ = {
			isa = PBXResourcesBuildPhase;
			buildActionMask = 2147483647;
			files = (
			);
			runOnlyForDeploymentPostprocessing = 0;
		};
/* End PBXResourcesBuildPhase section */

/* Begin PBXShellScriptBuildPhase section */
		B629F0DB24EA0CDE001C2387 /* Swiftlint */ = {
			isa = PBXShellScriptBuildPhase;
			buildActionMask = 2147483647;
			files = (
			);
			inputFileListPaths = (
			);
			inputPaths = (
			);
			name = Swiftlint;
			outputFileListPaths = (
			);
			outputPaths = (
			);
			runOnlyForDeploymentPostprocessing = 0;
			shellPath = /bin/sh;
			shellScript = "if which swiftlint >/dev/null; then\n    swiftlint autocorrect\n    swiftlint lint\nelse\n    echo \"warning: SwiftLint not installed, download from https://github.com/realm/SwiftLint\"\nfi\n";
		};
/* End PBXShellScriptBuildPhase section */

/* Begin PBXSourcesBuildPhase section */
		B629F0A924EA07DF001C2387 /* Sources */ = {
			isa = PBXSourcesBuildPhase;
			buildActionMask = 2147483647;
			files = (
				B685DE0C2510473A00B6D5D2 /* CDTodo+CoreDataClass.swift in Sources */,
				B685DE0D2510473A00B6D5D2 /* CDTodo+CoreDataProperties.swift in Sources */,
				B646EC0C24FC295E00B5B7AE /* AppAction.swift in Sources */,
				B685DE1225104D2700B6D5D2 /* CoreDataConvertible.swift in Sources */,
				B634A0EE251B94E0008ADBDB /* TodoList.swift in Sources */,
				B685DE10251047D800B6D5D2 /* PersistenceManager.swift in Sources */,
				B647B4CC251921470079E05D /* TodoStore.swift in Sources */,
				B685DE03251044B200B6D5D2 /* Todo-It.xcdatamodeld in Sources */,
				B634A0E2251B9326008ADBDB /* CDList+CoreDataClass.swift in Sources */,
				B669A1E8252788890061DC36 /* NewListView.swift in Sources */,
				B634A101251B9645008ADBDB /* TodoListView.swift in Sources */,
				B634A0E3251B9326008ADBDB /* CDList+CoreDataProperties.swift in Sources */,
				B629F0B324EA07DF001C2387 /* TodosView.swift in Sources */,
				B646EC0E24FC298A00B5B7AE /* Reducer.swift in Sources */,
				B6751CAB251F934A00FDC4E2 /* TodoListStore.swift in Sources */,
				B646EC0824FC291100B5B7AE /* AppState.swift in Sources */,
				B69435F324EB7AA6007161EF /* Todo.swift in Sources */,
				B646EC0A24FC292300B5B7AE /* Store.swift in Sources */,
				B629F0B124EA07DF001C2387 /* Todo_ItApp.swift in Sources */,
				B65CA24124EEC989004A4278 /* TodoView.swift in Sources */,
			);
			runOnlyForDeploymentPostprocessing = 0;
		};
		B629F0BA24EA07E0001C2387 /* Sources */ = {
			isa = PBXSourcesBuildPhase;
			buildActionMask = 2147483647;
			files = (
				B629F0C324EA07E0001C2387 /* Todo_ItTests.swift in Sources */,
			);
			runOnlyForDeploymentPostprocessing = 0;
		};
		B629F0C524EA07E0001C2387 /* Sources */ = {
			isa = PBXSourcesBuildPhase;
			buildActionMask = 2147483647;
			files = (
				B629F0CE24EA07E0001C2387 /* Todo_ItUITests.swift in Sources */,
			);
			runOnlyForDeploymentPostprocessing = 0;
		};
/* End PBXSourcesBuildPhase section */

/* Begin PBXTargetDependency section */
		B629F0C024EA07E0001C2387 /* PBXTargetDependency */ = {
			isa = PBXTargetDependency;
			target = B629F0AC24EA07DF001C2387 /* Todo-It */;
			targetProxy = B629F0BF24EA07E0001C2387 /* PBXContainerItemProxy */;
		};
		B629F0CB24EA07E0001C2387 /* PBXTargetDependency */ = {
			isa = PBXTargetDependency;
			target = B629F0AC24EA07DF001C2387 /* Todo-It */;
			targetProxy = B629F0CA24EA07E0001C2387 /* PBXContainerItemProxy */;
		};
/* End PBXTargetDependency section */

/* Begin XCBuildConfiguration section */
		B629F0D024EA07E0001C2387 /* Debug */ = {
			isa = XCBuildConfiguration;
			buildSettings = {
				ALWAYS_SEARCH_USER_PATHS = NO;
				CLANG_ANALYZER_NONNULL = YES;
				CLANG_ANALYZER_NUMBER_OBJECT_CONVERSION = YES_AGGRESSIVE;
				CLANG_CXX_LANGUAGE_STANDARD = "gnu++14";
				CLANG_CXX_LIBRARY = "libc++";
				CLANG_ENABLE_MODULES = YES;
				CLANG_ENABLE_OBJC_ARC = YES;
				CLANG_ENABLE_OBJC_WEAK = YES;
				CLANG_WARN_BLOCK_CAPTURE_AUTORELEASING = YES;
				CLANG_WARN_BOOL_CONVERSION = YES;
				CLANG_WARN_COMMA = YES;
				CLANG_WARN_CONSTANT_CONVERSION = YES;
				CLANG_WARN_DEPRECATED_OBJC_IMPLEMENTATIONS = YES;
				CLANG_WARN_DIRECT_OBJC_ISA_USAGE = YES_ERROR;
				CLANG_WARN_DOCUMENTATION_COMMENTS = YES;
				CLANG_WARN_EMPTY_BODY = YES;
				CLANG_WARN_ENUM_CONVERSION = YES;
				CLANG_WARN_INFINITE_RECURSION = YES;
				CLANG_WARN_INT_CONVERSION = YES;
				CLANG_WARN_NON_LITERAL_NULL_CONVERSION = YES;
				CLANG_WARN_OBJC_IMPLICIT_RETAIN_SELF = YES;
				CLANG_WARN_OBJC_LITERAL_CONVERSION = YES;
				CLANG_WARN_OBJC_ROOT_CLASS = YES_ERROR;
				CLANG_WARN_QUOTED_INCLUDE_IN_FRAMEWORK_HEADER = YES;
				CLANG_WARN_RANGE_LOOP_ANALYSIS = YES;
				CLANG_WARN_STRICT_PROTOTYPES = YES;
				CLANG_WARN_SUSPICIOUS_MOVE = YES;
				CLANG_WARN_UNGUARDED_AVAILABILITY = YES_AGGRESSIVE;
				CLANG_WARN_UNREACHABLE_CODE = YES;
				CLANG_WARN__DUPLICATE_METHOD_MATCH = YES;
				COPY_PHASE_STRIP = NO;
				DEBUG_INFORMATION_FORMAT = dwarf;
				ENABLE_STRICT_OBJC_MSGSEND = YES;
				ENABLE_TESTABILITY = YES;
				GCC_C_LANGUAGE_STANDARD = gnu11;
				GCC_DYNAMIC_NO_PIC = NO;
				GCC_NO_COMMON_BLOCKS = YES;
				GCC_OPTIMIZATION_LEVEL = 0;
				GCC_PREPROCESSOR_DEFINITIONS = (
					"DEBUG=1",
					"$(inherited)",
				);
				GCC_WARN_64_TO_32_BIT_CONVERSION = YES;
				GCC_WARN_ABOUT_RETURN_TYPE = YES_ERROR;
				GCC_WARN_UNDECLARED_SELECTOR = YES;
				GCC_WARN_UNINITIALIZED_AUTOS = YES_AGGRESSIVE;
				GCC_WARN_UNUSED_FUNCTION = YES;
				GCC_WARN_UNUSED_VARIABLE = YES;
				IPHONEOS_DEPLOYMENT_TARGET = 14.0;
				MTL_ENABLE_DEBUG_INFO = INCLUDE_SOURCE;
				MTL_FAST_MATH = YES;
				ONLY_ACTIVE_ARCH = YES;
				SDKROOT = iphoneos;
				SWIFT_ACTIVE_COMPILATION_CONDITIONS = DEBUG;
				SWIFT_OPTIMIZATION_LEVEL = "-Onone";
			};
			name = Debug;
		};
		B629F0D124EA07E0001C2387 /* Release */ = {
			isa = XCBuildConfiguration;
			buildSettings = {
				ALWAYS_SEARCH_USER_PATHS = NO;
				CLANG_ANALYZER_NONNULL = YES;
				CLANG_ANALYZER_NUMBER_OBJECT_CONVERSION = YES_AGGRESSIVE;
				CLANG_CXX_LANGUAGE_STANDARD = "gnu++14";
				CLANG_CXX_LIBRARY = "libc++";
				CLANG_ENABLE_MODULES = YES;
				CLANG_ENABLE_OBJC_ARC = YES;
				CLANG_ENABLE_OBJC_WEAK = YES;
				CLANG_WARN_BLOCK_CAPTURE_AUTORELEASING = YES;
				CLANG_WARN_BOOL_CONVERSION = YES;
				CLANG_WARN_COMMA = YES;
				CLANG_WARN_CONSTANT_CONVERSION = YES;
				CLANG_WARN_DEPRECATED_OBJC_IMPLEMENTATIONS = YES;
				CLANG_WARN_DIRECT_OBJC_ISA_USAGE = YES_ERROR;
				CLANG_WARN_DOCUMENTATION_COMMENTS = YES;
				CLANG_WARN_EMPTY_BODY = YES;
				CLANG_WARN_ENUM_CONVERSION = YES;
				CLANG_WARN_INFINITE_RECURSION = YES;
				CLANG_WARN_INT_CONVERSION = YES;
				CLANG_WARN_NON_LITERAL_NULL_CONVERSION = YES;
				CLANG_WARN_OBJC_IMPLICIT_RETAIN_SELF = YES;
				CLANG_WARN_OBJC_LITERAL_CONVERSION = YES;
				CLANG_WARN_OBJC_ROOT_CLASS = YES_ERROR;
				CLANG_WARN_QUOTED_INCLUDE_IN_FRAMEWORK_HEADER = YES;
				CLANG_WARN_RANGE_LOOP_ANALYSIS = YES;
				CLANG_WARN_STRICT_PROTOTYPES = YES;
				CLANG_WARN_SUSPICIOUS_MOVE = YES;
				CLANG_WARN_UNGUARDED_AVAILABILITY = YES_AGGRESSIVE;
				CLANG_WARN_UNREACHABLE_CODE = YES;
				CLANG_WARN__DUPLICATE_METHOD_MATCH = YES;
				COPY_PHASE_STRIP = NO;
				DEBUG_INFORMATION_FORMAT = "dwarf-with-dsym";
				ENABLE_NS_ASSERTIONS = NO;
				ENABLE_STRICT_OBJC_MSGSEND = YES;
				GCC_C_LANGUAGE_STANDARD = gnu11;
				GCC_NO_COMMON_BLOCKS = YES;
				GCC_WARN_64_TO_32_BIT_CONVERSION = YES;
				GCC_WARN_ABOUT_RETURN_TYPE = YES_ERROR;
				GCC_WARN_UNDECLARED_SELECTOR = YES;
				GCC_WARN_UNINITIALIZED_AUTOS = YES_AGGRESSIVE;
				GCC_WARN_UNUSED_FUNCTION = YES;
				GCC_WARN_UNUSED_VARIABLE = YES;
				IPHONEOS_DEPLOYMENT_TARGET = 14.0;
				MTL_ENABLE_DEBUG_INFO = NO;
				MTL_FAST_MATH = YES;
				SDKROOT = iphoneos;
				SWIFT_COMPILATION_MODE = wholemodule;
				SWIFT_OPTIMIZATION_LEVEL = "-O";
				VALIDATE_PRODUCT = YES;
			};
			name = Release;
		};
		B629F0D324EA07E0001C2387 /* Debug */ = {
			isa = XCBuildConfiguration;
			buildSettings = {
				ASSETCATALOG_COMPILER_APPICON_NAME = AppIcon;
				ASSETCATALOG_COMPILER_GLOBAL_ACCENT_COLOR_NAME = AccentColor;
				CODE_SIGN_STYLE = Automatic;
				DEVELOPMENT_ASSET_PATHS = "\"Todo-It/Preview Content\"";
				DEVELOPMENT_TEAM = PKK87S6JNY;
				ENABLE_PREVIEWS = YES;
				INFOPLIST_FILE = "Todo-It/Info.plist";
				IPHONEOS_DEPLOYMENT_TARGET = 14.0;
				LD_RUNPATH_SEARCH_PATHS = (
					"$(inherited)",
					"@executable_path/Frameworks",
				);
				PRODUCT_BUNDLE_IDENTIFIER = "com.zachfrew.Todo-It";
				PRODUCT_NAME = "$(TARGET_NAME)";
				SWIFT_VERSION = 5.0;
				TARGETED_DEVICE_FAMILY = "1,2";
			};
			name = Debug;
		};
		B629F0D424EA07E0001C2387 /* Release */ = {
			isa = XCBuildConfiguration;
			buildSettings = {
				ASSETCATALOG_COMPILER_APPICON_NAME = AppIcon;
				ASSETCATALOG_COMPILER_GLOBAL_ACCENT_COLOR_NAME = AccentColor;
				CODE_SIGN_STYLE = Automatic;
				DEVELOPMENT_ASSET_PATHS = "\"Todo-It/Preview Content\"";
				DEVELOPMENT_TEAM = PKK87S6JNY;
				ENABLE_PREVIEWS = YES;
				INFOPLIST_FILE = "Todo-It/Info.plist";
				IPHONEOS_DEPLOYMENT_TARGET = 14.0;
				LD_RUNPATH_SEARCH_PATHS = (
					"$(inherited)",
					"@executable_path/Frameworks",
				);
				PRODUCT_BUNDLE_IDENTIFIER = "com.zachfrew.Todo-It";
				PRODUCT_NAME = "$(TARGET_NAME)";
				SWIFT_VERSION = 5.0;
				TARGETED_DEVICE_FAMILY = "1,2";
			};
			name = Release;
		};
		B629F0D624EA07E0001C2387 /* Debug */ = {
			isa = XCBuildConfiguration;
			buildSettings = {
				ALWAYS_EMBED_SWIFT_STANDARD_LIBRARIES = YES;
				BUNDLE_LOADER = "$(TEST_HOST)";
				CODE_SIGN_STYLE = Automatic;
				DEVELOPMENT_TEAM = PKK87S6JNY;
				INFOPLIST_FILE = "Todo-ItTests/Info.plist";
				IPHONEOS_DEPLOYMENT_TARGET = 14.0;
				LD_RUNPATH_SEARCH_PATHS = (
					"$(inherited)",
					"@executable_path/Frameworks",
					"@loader_path/Frameworks",
				);
				PRODUCT_BUNDLE_IDENTIFIER = "com.zachfrew.Todo-ItTests";
				PRODUCT_NAME = "$(TARGET_NAME)";
				SWIFT_VERSION = 5.0;
				TARGETED_DEVICE_FAMILY = "1,2";
				TEST_HOST = "$(BUILT_PRODUCTS_DIR)/Todo-It.app/Todo-It";
			};
			name = Debug;
		};
		B629F0D724EA07E0001C2387 /* Release */ = {
			isa = XCBuildConfiguration;
			buildSettings = {
				ALWAYS_EMBED_SWIFT_STANDARD_LIBRARIES = YES;
				BUNDLE_LOADER = "$(TEST_HOST)";
				CODE_SIGN_STYLE = Automatic;
				DEVELOPMENT_TEAM = PKK87S6JNY;
				INFOPLIST_FILE = "Todo-ItTests/Info.plist";
				IPHONEOS_DEPLOYMENT_TARGET = 14.0;
				LD_RUNPATH_SEARCH_PATHS = (
					"$(inherited)",
					"@executable_path/Frameworks",
					"@loader_path/Frameworks",
				);
				PRODUCT_BUNDLE_IDENTIFIER = "com.zachfrew.Todo-ItTests";
				PRODUCT_NAME = "$(TARGET_NAME)";
				SWIFT_VERSION = 5.0;
				TARGETED_DEVICE_FAMILY = "1,2";
				TEST_HOST = "$(BUILT_PRODUCTS_DIR)/Todo-It.app/Todo-It";
			};
			name = Release;
		};
		B629F0D924EA07E0001C2387 /* Debug */ = {
			isa = XCBuildConfiguration;
			buildSettings = {
				ALWAYS_EMBED_SWIFT_STANDARD_LIBRARIES = YES;
				CODE_SIGN_STYLE = Automatic;
				DEVELOPMENT_TEAM = PKK87S6JNY;
				INFOPLIST_FILE = "Todo-ItUITests/Info.plist";
				LD_RUNPATH_SEARCH_PATHS = (
					"$(inherited)",
					"@executable_path/Frameworks",
					"@loader_path/Frameworks",
				);
				PRODUCT_BUNDLE_IDENTIFIER = "com.zachfrew.Todo-ItUITests";
				PRODUCT_NAME = "$(TARGET_NAME)";
				SWIFT_VERSION = 5.0;
				TARGETED_DEVICE_FAMILY = "1,2";
				TEST_TARGET_NAME = "Todo-It";
			};
			name = Debug;
		};
		B629F0DA24EA07E0001C2387 /* Release */ = {
			isa = XCBuildConfiguration;
			buildSettings = {
				ALWAYS_EMBED_SWIFT_STANDARD_LIBRARIES = YES;
				CODE_SIGN_STYLE = Automatic;
				DEVELOPMENT_TEAM = PKK87S6JNY;
				INFOPLIST_FILE = "Todo-ItUITests/Info.plist";
				LD_RUNPATH_SEARCH_PATHS = (
					"$(inherited)",
					"@executable_path/Frameworks",
					"@loader_path/Frameworks",
				);
				PRODUCT_BUNDLE_IDENTIFIER = "com.zachfrew.Todo-ItUITests";
				PRODUCT_NAME = "$(TARGET_NAME)";
				SWIFT_VERSION = 5.0;
				TARGETED_DEVICE_FAMILY = "1,2";
				TEST_TARGET_NAME = "Todo-It";
			};
			name = Release;
		};
/* End XCBuildConfiguration section */

/* Begin XCConfigurationList section */
		B629F0A824EA07DF001C2387 /* Build configuration list for PBXProject "Todo-It" */ = {
			isa = XCConfigurationList;
			buildConfigurations = (
				B629F0D024EA07E0001C2387 /* Debug */,
				B629F0D124EA07E0001C2387 /* Release */,
			);
			defaultConfigurationIsVisible = 0;
			defaultConfigurationName = Release;
		};
		B629F0D224EA07E0001C2387 /* Build configuration list for PBXNativeTarget "Todo-It" */ = {
			isa = XCConfigurationList;
			buildConfigurations = (
				B629F0D324EA07E0001C2387 /* Debug */,
				B629F0D424EA07E0001C2387 /* Release */,
			);
			defaultConfigurationIsVisible = 0;
			defaultConfigurationName = Release;
		};
		B629F0D524EA07E0001C2387 /* Build configuration list for PBXNativeTarget "Todo-ItTests" */ = {
			isa = XCConfigurationList;
			buildConfigurations = (
				B629F0D624EA07E0001C2387 /* Debug */,
				B629F0D724EA07E0001C2387 /* Release */,
			);
			defaultConfigurationIsVisible = 0;
			defaultConfigurationName = Release;
		};
		B629F0D824EA07E0001C2387 /* Build configuration list for PBXNativeTarget "Todo-ItUITests" */ = {
			isa = XCConfigurationList;
			buildConfigurations = (
				B629F0D924EA07E0001C2387 /* Debug */,
				B629F0DA24EA07E0001C2387 /* Release */,
			);
			defaultConfigurationIsVisible = 0;
			defaultConfigurationName = Release;
		};
/* End XCConfigurationList section */

/* Begin XCVersionGroup section */
		B685DE01251044B200B6D5D2 /* Todo-It.xcdatamodeld */ = {
			isa = XCVersionGroup;
			children = (
				B685DE02251044B200B6D5D2 /* Todo-It.xcdatamodel */,
			);
			currentVersion = B685DE02251044B200B6D5D2 /* Todo-It.xcdatamodel */;
			path = "Todo-It.xcdatamodeld";
			sourceTree = "<group>";
			versionGroupType = wrapper.xcdatamodel;
		};
/* End XCVersionGroup section */
	};
	rootObject = B629F0A524EA07DF001C2387 /* Project object */;
}
